
Microsoft Visual Studio Solution File, Format Version 12.00
# Visual Studio 2013
VisualStudioVersion = 12.0.21005.1
MinimumVisualStudioVersion = 10.0.40219.1
Project("{FAE04EC0-301F-11D3-BF4B-00C04F79EFBC}") = "Meeting.Web.Mvc", "Meeting.Web.Mvc\Meeting.Web.Mvc.csproj", "{A3D70786-474F-4303-8121-F76ED397B9D8}"
EndProject
Project("{FAE04EC0-301F-11D3-BF4B-00C04F79EFBC}") = "Meeting.Entity", "Meeting.Entity\Meeting.Entity.csproj", "{8B7B0953-EE7A-4469-A58D-7983714F3032}"
EndProject
Project("{FAE04EC0-301F-11D3-BF4B-00C04F79EFBC}") = "Meeting.Web.Api", "Meeting.Web.Api\Meeting.Web.Api.csproj", "{2D006FFC-CBBE-4376-80BD-370679F9514B}"
EndProject
Project("{FAE04EC0-301F-11D3-BF4B-00C04F79EFBC}") = "Meeting.Common", "Meeting.Common\Meeting.Common.csproj", "{4BB968DC-E12A-42C6-BFC1-22F88C02B6E1}"
EndProject
Project("{FAE04EC0-301F-11D3-BF4B-00C04F79EFBC}") = "Meeting.BLL", "Meeting.BLL\Meeting.BLL.csproj", "{E1E8A2BA-252C-4EC4-B478-01466B74FB18}"
EndProject
Project("{FAE04EC0-301F-11D3-BF4B-00C04F79EFBC}") = "Meeting.Dao", "Meeting.Dao\Meeting.Dao.csproj", "{53E4A9F1-87BD-44C9-88FB-07F51DC16434}"
EndProject
Global
	GlobalSection(SolutionConfigurationPlatforms) = preSolution
		Debug|Any CPU = Debug|Any CPU
		Release|Any CPU = Release|Any CPU
	EndGlobalSection
	GlobalSection(ProjectConfigurationPlatforms) = postSolution
		{A3D70786-474F-4303-8121-F76ED397B9D8}.Debug|Any CPU.ActiveCfg = Debug|Any CPU
		{A3D70786-474F-4303-8121-F76ED397B9D8}.Debug|Any CPU.Build.0 = Debug|Any CPU
		{A3D70786-474F-4303-8121-F76ED397B9D8}.Release|Any CPU.ActiveCfg = Release|Any CPU
		{A3D70786-474F-4303-8121-F76ED397B9D8}.Release|Any CPU.Build.0 = Release|Any CPU
		{8B7B0953-EE7A-4469-A58D-7983714F3032}.Debug|Any CPU.ActiveCfg = Debug|Any CPU
		{8B7B0953-EE7A-4469-A58D-7983714F3032}.Debug|Any CPU.Build.0 = Debug|Any CPU
		{8B7B0953-EE7A-4469-A58D-7983714F3032}.Release|Any CPU.ActiveCfg = Release|Any CPU
		{8B7B0953-EE7A-4469-A58D-7983714F3032}.Release|Any CPU.Build.0 = Release|Any CPU
		{2D006FFC-CBBE-4376-80BD-370679F9514B}.Debug|Any CPU.ActiveCfg = Debug|Any CPU
		{2D006FFC-CBBE-4376-80BD-370679F9514B}.Debug|Any CPU.Build.0 = Debug|Any CPU
		{2D006FFC-CBBE-4376-80BD-370679F9514B}.Release|Any CPU.ActiveCfg = Release|Any CPU
		{2D006FFC-CBBE-4376-80BD-370679F9514B}.Release|Any CPU.Build.0 = Release|Any CPU
		{4BB968DC-E12A-42C6-BFC1-22F88C02B6E1}.Debug|Any CPU.ActiveCfg = Debug|Any CPU
		{4BB968DC-E12A-42C6-BFC1-22F88C02B6E1}.Debug|Any CPU.Build.0 = Debug|Any CPU
		{4BB968DC-E12A-42C6-BFC1-22F88C02B6E1}.Release|Any CPU.ActiveCfg = Release|Any CPU
		{4BB968DC-E12A-42C6-BFC1-22F88C02B6E1}.Release|Any CPU.Build.0 = Release|Any CPU
		{E1E8A2BA-252C-4EC4-B478-01466B74FB18}.Debug|Any CPU.ActiveCfg = Debug|Any CPU
		{E1E8A2BA-252C-4EC4-B478-01466B74FB18}.Debug|Any CPU.Build.0 = Debug|Any CPU
		{E1E8A2BA-252C-4EC4-B478-01466B74FB18}.Release|Any CPU.ActiveCfg = Release|Any CPU
		{E1E8A2BA-252C-4EC4-B478-01466B74FB18}.Release|Any CPU.Build.0 = Release|Any CPU
		{53E4A9F1-87BD-44C9-88FB-07F51DC16434}.Debug|Any CPU.ActiveCfg = Debug|Any CPU
		{53E4A9F1-87BD-44C9-88FB-07F51DC16434}.Debug|Any CPU.Build.0 = Debug|Any CPU
		{53E4A9F1-87BD-44C9-88FB-07F51DC16434}.Release|Any CPU.ActiveCfg = Release|Any CPU
		{53E4A9F1-87BD-44C9-88FB-07F51DC16434}.Release|Any CPU.Build.0 = Release|Any CPU
	EndGlobalSection
	GlobalSection(SolutionProperties) = preSolution
		HideSolutionNode = FALSE
	EndGlobalSection
EndGlobal
